
Microsoft Visual Studio Solution File, Format Version 12.00
# Visual Studio Version 17
VisualStudioVersion = 17.11.35303.130
MinimumVisualStudioVersion = 10.0.40219.1
Project("{FAE04EC0-301F-11D3-BF4B-00C04F79EFBC}") = "Object & Class", "Object & Class\Object & Class.csproj", "{8167132A-1F43-46B3-8BF9-73241CFE4095}"
EndProject
Project("{FAE04EC0-301F-11D3-BF4B-00C04F79EFBC}") = "Class & Object 2", "Class & Object 2\Class & Object 2.csproj", "{5E54442B-238B-4299-82DA-639160C5948D}"
EndProject
Project("{FAE04EC0-301F-11D3-BF4B-00C04F79EFBC}") = "Inherintance", "Inherintance\Inherintance.csproj", "{19F4DD51-36D5-4F42-B8A9-94E83C9CB45F}"
EndProject
Project("{FAE04EC0-301F-11D3-BF4B-00C04F79EFBC}") = "Encapsulation", "Encapsulation\Encapsulation.csproj", "{49C17A4A-625F-4B03-9228-D559430B5735}"
EndProject
Project("{FAE04EC0-301F-11D3-BF4B-00C04F79EFBC}") = "EMoney", "EMoney\EMoney.csproj", "{0A7C76A8-3C86-4A32-BB19-964A6336EC03}"
EndProject
Global
	GlobalSection(SolutionConfigurationPlatforms) = preSolution
		Debug|Any CPU = Debug|Any CPU
		Release|Any CPU = Release|Any CPU
	EndGlobalSection
	GlobalSection(ProjectConfigurationPlatforms) = postSolution
		{8167132A-1F43-46B3-8BF9-73241CFE4095}.Debug|Any CPU.ActiveCfg = Debug|Any CPU
		{8167132A-1F43-46B3-8BF9-73241CFE4095}.Debug|Any CPU.Build.0 = Debug|Any CPU
		{8167132A-1F43-46B3-8BF9-73241CFE4095}.Release|Any CPU.ActiveCfg = Release|Any CPU
		{8167132A-1F43-46B3-8BF9-73241CFE4095}.Release|Any CPU.Build.0 = Release|Any CPU
		{5E54442B-238B-4299-82DA-639160C5948D}.Debug|Any CPU.ActiveCfg = Debug|Any CPU
		{5E54442B-238B-4299-82DA-639160C5948D}.Debug|Any CPU.Build.0 = Debug|Any CPU
		{5E54442B-238B-4299-82DA-639160C5948D}.Release|Any CPU.ActiveCfg = Release|Any CPU
		{5E54442B-238B-4299-82DA-639160C5948D}.Release|Any CPU.Build.0 = Release|Any CPU
		{19F4DD51-36D5-4F42-B8A9-94E83C9CB45F}.Debug|Any CPU.ActiveCfg = Debug|Any CPU
		{19F4DD51-36D5-4F42-B8A9-94E83C9CB45F}.Debug|Any CPU.Build.0 = Debug|Any CPU
		{19F4DD51-36D5-4F42-B8A9-94E83C9CB45F}.Release|Any CPU.ActiveCfg = Release|Any CPU
		{19F4DD51-36D5-4F42-B8A9-94E83C9CB45F}.Release|Any CPU.Build.0 = Release|Any CPU
		{49C17A4A-625F-4B03-9228-D559430B5735}.Debug|Any CPU.ActiveCfg = Debug|Any CPU
		{49C17A4A-625F-4B03-9228-D559430B5735}.Debug|Any CPU.Build.0 = Debug|Any CPU
		{49C17A4A-625F-4B03-9228-D559430B5735}.Release|Any CPU.ActiveCfg = Release|Any CPU
		{49C17A4A-625F-4B03-9228-D559430B5735}.Release|Any CPU.Build.0 = Release|Any CPU
		{0A7C76A8-3C86-4A32-BB19-964A6336EC03}.Debug|Any CPU.ActiveCfg = Debug|Any CPU
		{0A7C76A8-3C86-4A32-BB19-964A6336EC03}.Debug|Any CPU.Build.0 = Debug|Any CPU
		{0A7C76A8-3C86-4A32-BB19-964A6336EC03}.Release|Any CPU.ActiveCfg = Release|Any CPU
		{0A7C76A8-3C86-4A32-BB19-964A6336EC03}.Release|Any CPU.Build.0 = Release|Any CPU
	EndGlobalSection
	GlobalSection(SolutionProperties) = preSolution
		HideSolutionNode = FALSE
	EndGlobalSection
	GlobalSection(ExtensibilityGlobals) = postSolution
		SolutionGuid = {E9C78566-D1A9-46F7-9A31-F90A2747C580}
	EndGlobalSection
EndGlobal
